<?xml version="1.0" encoding="utf-8"?>
<Project ToolsVersion="4.0" xmlns="http://schemas.microsoft.com/developer/msbuild/2003">
  <ItemGroup>
    <ClCompile Include="Animator.cpp" />
    <ClCompile Include="AudioManager.cpp" />
    <ClCompile Include="Beaver.cpp" />
    <ClCompile Include="BeaverGame.cpp" />
    <ClCompile Include="Button.cpp" />
    <ClCompile Include="ContactListener.cpp" />
    <ClCompile Include="Event.cpp" />
    <ClCompile Include="FontManager.cpp" />
    <ClCompile Include="Game.cpp" />
    <ClCompile Include="GameObject.cpp" />
    <ClCompile Include="Hint.cpp" />
    <ClCompile Include="Image.cpp" />
    <ClCompile Include="Level.cpp" />
    <ClCompile Include="main.cpp" />
    <ClCompile Include="Music.cpp" />
    <ClCompile Include="Object.cpp" />
    <ClCompile Include="Player.cpp" />
    <ClCompile Include="Scene.cpp" />
    <ClCompile Include="Shop.cpp" />
    <ClCompile Include="Slider.cpp" />
    <ClCompile Include="Sound.cpp" />
    <ClCompile Include="Text.cpp" />
    <ClCompile Include="TextureManager.cpp" />
    <ClCompile Include="TileMap.cpp" />
    <ClCompile Include="Tree.cpp" />
    <ClCompile Include="Warehouse.cpp" />
    <ClCompile Include="WoodChange.cpp" />
    <ClCompile Include="PerlinNoise.cpp" />
  </ItemGroup>
  <ItemGroup>
    <ClInclude Include="Animator.h" />
    <ClInclude Include="AudioManager.h" />
    <ClInclude Include="Beaver.h" />
    <ClInclude Include="BeaverGame.h" />
    <ClInclude Include="Button.h" />
    <ClInclude Include="ContactListener.h" />
    <ClInclude Include="Event.h" />
    <ClInclude Include="FontManager.h" />
    <ClInclude Include="Game.h" />
    <ClInclude Include="GameObject.h" />
    <ClInclude Include="ControlScheme.h" />
    <ClInclude Include="Hint.h" />
    <ClInclude Include="Image.h" />
    <ClInclude Include="Level.h" />
    <ClInclude Include="Music.h" />
    <ClInclude Include="Object.h" />
    <ClInclude Include="Player.h" />
    <ClInclude Include="PlayerStats.h" />
    <ClInclude Include="Scene.h" />
    <ClInclude Include="Shop.h" />
    <ClInclude Include="Slider.h" />
    <ClInclude Include="Sound.h" />
    <ClInclude Include="Text.h" />
    <ClInclude Include="TextureManager.h" />
    <ClInclude Include="Tile.h" />
    <ClInclude Include="TileMap.h" />
    <ClInclude Include="Tree.h" />
    <ClInclude Include="Utils.h" />
    <ClInclude Include="Warehouse.h" />
    <ClInclude Include="WoodChange.h" />
    <ClInclude Include="PerlinNoise.h" />
  </ItemGroup>
</Project>